
Microsoft Visual Studio Solution File, Format Version 12.00
# Visual Studio Version 17
VisualStudioVersion = 17.14.36511.14 d17.14
MinimumVisualStudioVersion = 10.0.40219.1
Project("{FAE04EC0-301F-11D3-BF4B-00C04F79EFBC}") = "FlixUp.API", "FlixUp.API.csproj", "{AFE350C7-D01C-43F8-AD91-2AA376278CDF}"
EndProject
Global
	GlobalSection(SolutionConfigurationPlatforms) = preSolution
		Debug|Any CPU = Debug|Any CPU
		Release|Any CPU = Release|Any CPU
	EndGlobalSection
	GlobalSection(ProjectConfigurationPlatforms) = postSolution
		{AFE350C7-D01C-43F8-AD91-2AA376278CDF}.Debug|Any CPU.ActiveCfg = Debug|Any CPU
		{AFE350C7-D01C-43F8-AD91-2AA376278CDF}.Debug|Any CPU.Build.0 = Debug|Any CPU
		{AFE350C7-D01C-43F8-AD91-2AA376278CDF}.Release|Any CPU.ActiveCfg = Release|Any CPU
		{AFE350C7-D01C-43F8-AD91-2AA376278CDF}.Release|Any CPU.Build.0 = Release|Any CPU
	EndGlobalSection
	GlobalSection(SolutionProperties) = preSolution
		HideSolutionNode = FALSE
	EndGlobalSection
	GlobalSection(ExtensibilityGlobals) = postSolution
		SolutionGuid = {C50F46B9-B913-4D6A-A4B2-D9E3E10A7869}
	EndGlobalSection
EndGlobal
